// !$*UTF8*$!
{
	archiveVersion = 1;
	classes = {
	};
	objectVersion = 56;
	objects = {

/* Begin PBXBuildFile section */
		226407442BA53A8A006886E8 /* AppDelegate.swift in Sources */ = {isa = PBXBuildFile; fileRef = 226407432BA53A8A006886E8 /* AppDelegate.swift */; };
		226407462BA53A8A006886E8 /* SceneDelegate.swift in Sources */ = {isa = PBXBuildFile; fileRef = 226407452BA53A8A006886E8 /* SceneDelegate.swift */; };
		226407482BA53A8A006886E8 /* ViewController.swift in Sources */ = {isa = PBXBuildFile; fileRef = 226407472BA53A8A006886E8 /* ViewController.swift */; };
		2264074B2BA53A8A006886E8 /* Main.storyboard in Resources */ = {isa = PBXBuildFile; fileRef = 226407492BA53A8A006886E8 /* Main.storyboard */; };
		2264074E2BA53A8A006886E8 /* FinalProject.xcdatamodeld in Sources */ = {isa = PBXBuildFile; fileRef = 2264074C2BA53A8A006886E8 /* FinalProject.xcdatamodeld */; };
		226407502BA53A8B006886E8 /* Assets.xcassets in Resources */ = {isa = PBXBuildFile; fileRef = 2264074F2BA53A8B006886E8 /* Assets.xcassets */; };
		226407532BA53A8B006886E8 /* LaunchScreen.storyboard in Resources */ = {isa = PBXBuildFile; fileRef = 226407512BA53A8B006886E8 /* LaunchScreen.storyboard */; };
		2264075E2BA53A8B006886E8 /* FinalProjectTests.swift in Sources */ = {isa = PBXBuildFile; fileRef = 2264075D2BA53A8B006886E8 /* FinalProjectTests.swift */; };
		226407682BA53A8B006886E8 /* FinalProjectUITests.swift in Sources */ = {isa = PBXBuildFile; fileRef = 226407672BA53A8B006886E8 /* FinalProjectUITests.swift */; };
		2264076A2BA53A8B006886E8 /* FinalProjectUITestsLaunchTests.swift in Sources */ = {isa = PBXBuildFile; fileRef = 226407692BA53A8B006886E8 /* FinalProjectUITestsLaunchTests.swift */; };
		226F122C2BBCA0D800D5FB0D /* RotatingButton.swift in Sources */ = {isa = PBXBuildFile; fileRef = 226F122B2BBCA0D800D5FB0D /* RotatingButton.swift */; };
		22D0BA782BA8AF9F003A80C1 /* WelcomeViewController.swift in Sources */ = {isa = PBXBuildFile; fileRef = 22D0BA772BA8AF9F003A80C1 /* WelcomeViewController.swift */; };
/* End PBXBuildFile section */

/* Begin PBXContainerItemProxy section */
		2264075A2BA53A8B006886E8 /* PBXContainerItemProxy */ = {
			isa = PBXContainerItemProxy;
			containerPortal = 226407382BA53A8A006886E8 /* Project object */;
			proxyType = 1;
			remoteGlobalIDString = 2264073F2BA53A8A006886E8;
			remoteInfo = FinalProject;
		};
		226407642BA53A8B006886E8 /* PBXContainerItemProxy */ = {
			isa = PBXContainerItemProxy;
			containerPortal = 226407382BA53A8A006886E8 /* Project object */;
			proxyType = 1;
			remoteGlobalIDString = 2264073F2BA53A8A006886E8;
			remoteInfo = FinalProject;
		};
/* End PBXContainerItemProxy section */

/* Begin PBXFileReference section */
		226407402BA53A8A006886E8 /* FinalProject.app */ = {isa = PBXFileReference; explicitFileType = wrapper.application; includeInIndex = 0; path = FinalProject.app; sourceTree = BUILT_PRODUCTS_DIR; };
		226407432BA53A8A006886E8 /* AppDelegate.swift */ = {isa = PBXFileReference; lastKnownFileType = sourcecode.swift; path = AppDelegate.swift; sourceTree = "<group>"; };
		226407452BA53A8A006886E8 /* SceneDelegate.swift */ = {isa = PBXFileReference; lastKnownFileType = sourcecode.swift; path = SceneDelegate.swift; sourceTree = "<group>"; };
		226407472BA53A8A006886E8 /* ViewController.swift */ = {isa = PBXFileReference; lastKnownFileType = sourcecode.swift; path = ViewController.swift; sourceTree = "<group>"; };
		2264074A2BA53A8A006886E8 /* Base */ = {isa = PBXFileReference; lastKnownFileType = file.storyboard; name = Base; path = Base.lproj/Main.storyboard; sourceTree = "<group>"; };
		2264074D2BA53A8A006886E8 /* FinalProject.xcdatamodel */ = {isa = PBXFileReference; lastKnownFileType = wrapper.xcdatamodel; path = FinalProject.xcdatamodel; sourceTree = "<group>"; };
		2264074F2BA53A8B006886E8 /* Assets.xcassets */ = {isa = PBXFileReference; lastKnownFileType = folder.assetcatalog; path = Assets.xcassets; sourceTree = "<group>"; };
		226407522BA53A8B006886E8 /* Base */ = {isa = PBXFileReference; lastKnownFileType = file.storyboard; name = Base; path = Base.lproj/LaunchScreen.storyboard; sourceTree = "<group>"; };
		226407542BA53A8B006886E8 /* Info.plist */ = {isa = PBXFileReference; lastKnownFileType = text.plist.xml; path = Info.plist; sourceTree = "<group>"; };
		226407592BA53A8B006886E8 /* FinalProjectTests.xctest */ = {isa = PBXFileReference; explicitFileType = wrapper.cfbundle; includeInIndex = 0; path = FinalProjectTests.xctest; sourceTree = BUILT_PRODUCTS_DIR; };
		2264075D2BA53A8B006886E8 /* FinalProjectTests.swift */ = {isa = PBXFileReference; lastKnownFileType = sourcecode.swift; path = FinalProjectTests.swift; sourceTree = "<group>"; };
		226407632BA53A8B006886E8 /* FinalProjectUITests.xctest */ = {isa = PBXFileReference; explicitFileType = wrapper.cfbundle; includeInIndex = 0; path = FinalProjectUITests.xctest; sourceTree = BUILT_PRODUCTS_DIR; };
		226407672BA53A8B006886E8 /* FinalProjectUITests.swift */ = {isa = PBXFileReference; lastKnownFileType = sourcecode.swift; path = FinalProjectUITests.swift; sourceTree = "<group>"; };
		226407692BA53A8B006886E8 /* FinalProjectUITestsLaunchTests.swift */ = {isa = PBXFileReference; lastKnownFileType = sourcecode.swift; path = FinalProjectUITestsLaunchTests.swift; sourceTree = "<group>"; };
		226F122B2BBCA0D800D5FB0D /* RotatingButton.swift */ = {isa = PBXFileReference; lastKnownFileType = sourcecode.swift; path = RotatingButton.swift; sourceTree = "<group>"; };
		22D0BA772BA8AF9F003A80C1 /* WelcomeViewController.swift */ = {isa = PBXFileReference; lastKnownFileType = sourcecode.swift; path = WelcomeViewController.swift; sourceTree = "<group>"; };
/* End PBXFileReference section */

/* Begin PBXFrameworksBuildPhase section */
		2264073D2BA53A8A006886E8 /* Frameworks */ = {
			isa = PBXFrameworksBuildPhase;
			buildActionMask = 2147483647;
			files = (
			);
			runOnlyForDeploymentPostprocessing = 0;
		};
		226407562BA53A8B006886E8 /* Frameworks */ = {
			isa = PBXFrameworksBuildPhase;
			buildActionMask = 2147483647;
			files = (
			);
			runOnlyForDeploymentPostprocessing = 0;
		};
		226407602BA53A8B006886E8 /* Frameworks */ = {
			isa = PBXFrameworksBuildPhase;
			buildActionMask = 2147483647;
			files = (
			);
			runOnlyForDeploymentPostprocessing = 0;
		};
/* End PBXFrameworksBuildPhase section */

/* Begin PBXGroup section */
		226407372BA53A8A006886E8 = {
			isa = PBXGroup;
			children = (
				226407422BA53A8A006886E8 /* FinalProject */,
				2264075C2BA53A8B006886E8 /* FinalProjectTests */,
				226407662BA53A8B006886E8 /* FinalProjectUITests */,
				226407412BA53A8A006886E8 /* Products */,
			);
			sourceTree = "<group>";
		};
		226407412BA53A8A006886E8 /* Products */ = {
			isa = PBXGroup;
			children = (
				226407402BA53A8A006886E8 /* FinalProject.app */,
				226407592BA53A8B006886E8 /* FinalProjectTests.xctest */,
				226407632BA53A8B006886E8 /* FinalProjectUITests.xctest */,
			);
			name = Products;
			sourceTree = "<group>";
		};
		226407422BA53A8A006886E8 /* FinalProject */ = {
			isa = PBXGroup;
			children = (
				226407432BA53A8A006886E8 /* AppDelegate.swift */,
				226407452BA53A8A006886E8 /* SceneDelegate.swift */,
				22D0BA772BA8AF9F003A80C1 /* WelcomeViewController.swift */,
				226F122B2BBCA0D800D5FB0D /* RotatingButton.swift */,
				226407472BA53A8A006886E8 /* ViewController.swift */,
				226407492BA53A8A006886E8 /* Main.storyboard */,
				2264074F2BA53A8B006886E8 /* Assets.xcassets */,
				226407512BA53A8B006886E8 /* LaunchScreen.storyboard */,
				226407542BA53A8B006886E8 /* Info.plist */,
				2264074C2BA53A8A006886E8 /* FinalProject.xcdatamodeld */,
			);
			path = FinalProject;
			sourceTree = "<group>";
		};
		2264075C2BA53A8B006886E8 /* FinalProjectTests */ = {
			isa = PBXGroup;
			children = (
				2264075D2BA53A8B006886E8 /* FinalProjectTests.swift */,
			);
			path = FinalProjectTests;
			sourceTree = "<group>";
		};
		226407662BA53A8B006886E8 /* FinalProjectUITests */ = {
			isa = PBXGroup;
			children = (
				226407672BA53A8B006886E8 /* FinalProjectUITests.swift */,
				226407692BA53A8B006886E8 /* FinalProjectUITestsLaunchTests.swift */,
			);
			path = FinalProjectUITests;
			sourceTree = "<group>";
		};
/* End PBXGroup section */

/* Begin PBXNativeTarget section */
		2264073F2BA53A8A006886E8 /* FinalProject */ = {
			isa = PBXNativeTarget;
			buildConfigurationList = 2264076D2BA53A8B006886E8 /* Build configuration list for PBXNativeTarget "FinalProject" */;
			buildPhases = (
				2264073C2BA53A8A006886E8 /* Sources */,
				2264073D2BA53A8A006886E8 /* Frameworks */,
				2264073E2BA53A8A006886E8 /* Resources */,
			);
			buildRules = (
			);
			dependencies = (
			);
			name = FinalProject;
			productName = FinalProject;
			productReference = 226407402BA53A8A006886E8 /* FinalProject.app */;
			productType = "com.apple.product-type.application";
		};
		226407582BA53A8B006886E8 /* FinalProjectTests */ = {
			isa = PBXNativeTarget;
			buildConfigurationList = 226407702BA53A8B006886E8 /* Build configuration list for PBXNativeTarget "FinalProjectTests" */;
			buildPhases = (
				226407552BA53A8B006886E8 /* Sources */,
				226407562BA53A8B006886E8 /* Frameworks */,
				226407572BA53A8B006886E8 /* Resources */,
			);
			buildRules = (
			);
			dependencies = (
				2264075B2BA53A8B006886E8 /* PBXTargetDependency */,
			);
			name = FinalProjectTests;
			productName = FinalProjectTests;
			productReference = 226407592BA53A8B006886E8 /* FinalProjectTests.xctest */;
			productType = "com.apple.product-type.bundle.unit-test";
		};
		226407622BA53A8B006886E8 /* FinalProjectUITests */ = {
			isa = PBXNativeTarget;
			buildConfigurationList = 226407732BA53A8B006886E8 /* Build configuration list for PBXNativeTarget "FinalProjectUITests" */;
			buildPhases = (
				2264075F2BA53A8B006886E8 /* Sources */,
				226407602BA53A8B006886E8 /* Frameworks */,
				226407612BA53A8B006886E8 /* Resources */,
			);
			buildRules = (
			);
			dependencies = (
				226407652BA53A8B006886E8 /* PBXTargetDependency */,
			);
			name = FinalProjectUITests;
			productName = FinalProjectUITests;
			productReference = 226407632BA53A8B006886E8 /* FinalProjectUITests.xctest */;
			productType = "com.apple.product-type.bundle.ui-testing";
		};
/* End PBXNativeTarget section */

/* Begin PBXProject section */
		226407382BA53A8A006886E8 /* Project object */ = {
			isa = PBXProject;
			attributes = {
				BuildIndependentTargetsInParallel = 1;
				LastSwiftUpdateCheck = 1520;
				LastUpgradeCheck = 1520;
				TargetAttributes = {
					2264073F2BA53A8A006886E8 = {
						CreatedOnToolsVersion = 15.2;
					};
					226407582BA53A8B006886E8 = {
						CreatedOnToolsVersion = 15.2;
						TestTargetID = 2264073F2BA53A8A006886E8;
					};
					226407622BA53A8B006886E8 = {
						CreatedOnToolsVersion = 15.2;
						TestTargetID = 2264073F2BA53A8A006886E8;
					};
				};
			};
			buildConfigurationList = 2264073B2BA53A8A006886E8 /* Build configuration list for PBXProject "FinalProject" */;
			compatibilityVersion = "Xcode 14.0";
			developmentRegion = en;
			hasScannedForEncodings = 0;
			knownRegions = (
				en,
				Base,
			);
			mainGroup = 226407372BA53A8A006886E8;
			productRefGroup = 226407412BA53A8A006886E8 /* Products */;
			projectDirPath = "";
			projectRoot = "";
			targets = (
				2264073F2BA53A8A006886E8 /* FinalProject */,
				226407582BA53A8B006886E8 /* FinalProjectTests */,
				226407622BA53A8B006886E8 /* FinalProjectUITests */,
			);
		};
/* End PBXProject section */

/* Begin PBXResourcesBuildPhase section */
		2264073E2BA53A8A006886E8 /* Resources */ = {
			isa = PBXResourcesBuildPhase;
			buildActionMask = 2147483647;
			files = (
				226407532BA53A8B006886E8 /* LaunchScreen.storyboard in Resources */,
				226407502BA53A8B006886E8 /* Assets.xcassets in Resources */,
				2264074B2BA53A8A006886E8 /* Main.storyboard in Resources */,
			);
			runOnlyForDeploymentPostprocessing = 0;
		};
		226407572BA53A8B006886E8 /* Resources */ = {
			isa = PBXResourcesBuildPhase;
			buildActionMask = 2147483647;
			files = (
			);
			runOnlyForDeploymentPostprocessing = 0;
		};
		226407612BA53A8B006886E8 /* Resources */ = {
			isa = PBXResourcesBuildPhase;
			buildActionMask = 2147483647;
			files = (
			);
			runOnlyForDeploymentPostprocessing = 0;
		};
/* End PBXResourcesBuildPhase section */

/* Begin PBXSourcesBuildPhase section */
		2264073C2BA53A8A006886E8 /* Sources */ = {
			isa = PBXSourcesBuildPhase;
			buildActionMask = 2147483647;
			files = (
				226407482BA53A8A006886E8 /* ViewController.swift in Sources */,
				22D0BA782BA8AF9F003A80C1 /* WelcomeViewController.swift in Sources */,
				226407442BA53A8A006886E8 /* AppDelegate.swift in Sources */,
				226F122C2BBCA0D800D5FB0D /* RotatingButton.swift in Sources */,
				2264074E2BA53A8A006886E8 /* FinalProject.xcdatamodeld in Sources */,
				226407462BA53A8A006886E8 /* SceneDelegate.swift in Sources */,
			);
			runOnlyForDeploymentPostprocessing = 0;
		};
		226407552BA53A8B006886E8 /* Sources */ = {
			isa = PBXSourcesBuildPhase;
			buildActionMask = 2147483647;
			files = (
				2264075E2BA53A8B006886E8 /* FinalProjectTests.swift in Sources */,
			);
			runOnlyForDeploymentPostprocessing = 0;
		};
		2264075F2BA53A8B006886E8 /* Sources */ = {
			isa = PBXSourcesBuildPhase;
			buildActionMask = 2147483647;
			files = (
				226407682BA53A8B006886E8 /* FinalProjectUITests.swift in Sources */,
				2264076A2BA53A8B006886E8 /* FinalProjectUITestsLaunchTests.swift in Sources */,
			);
			runOnlyForDeploymentPostprocessing = 0;
		};
/* End PBXSourcesBuildPhase section */

/* Begin PBXTargetDependency section */
		2264075B2BA53A8B006886E8 /* PBXTargetDependency */ = {
			isa = PBXTargetDependency;
			target = 2264073F2BA53A8A006886E8 /* FinalProject */;
			targetProxy = 2264075A2BA53A8B006886E8 /* PBXContainerItemProxy */;
		};
		226407652BA53A8B006886E8 /* PBXTargetDependency */ = {
			isa = PBXTargetDependency;
			target = 2264073F2BA53A8A006886E8 /* FinalProject */;
			targetProxy = 226407642BA53A8B006886E8 /* PBXContainerItemProxy */;
		};
/* End PBXTargetDependency section */

/* Begin PBXVariantGroup section */
		226407492BA53A8A006886E8 /* Main.storyboard */ = {
			isa = PBXVariantGroup;
			children = (
				2264074A2BA53A8A006886E8 /* Base */,
			);
			name = Main.storyboard;
			sourceTree = "<group>";
		};
		226407512BA53A8B006886E8 /* LaunchScreen.storyboard */ = {
			isa = PBXVariantGroup;
			children = (
				226407522BA53A8B006886E8 /* Base */,
			);
			name = LaunchScreen.storyboard;
			sourceTree = "<group>";
		};
/* End PBXVariantGroup section */

/* Begin XCBuildConfiguration section */
		2264076B2BA53A8B006886E8 /* Debug */ = {
			isa = XCBuildConfiguration;
			buildSettings = {
				ALWAYS_SEARCH_USER_PATHS = NO;
				ASSETCATALOG_COMPILER_GENERATE_SWIFT_ASSET_SYMBOL_EXTENSIONS = YES;
				CLANG_ANALYZER_NONNULL = YES;
				CLANG_ANALYZER_NUMBER_OBJECT_CONVERSION = YES_AGGRESSIVE;
				CLANG_CXX_LANGUAGE_STANDARD = "gnu++20";
				CLANG_ENABLE_MODULES = YES;
				CLANG_ENABLE_OBJC_ARC = YES;
				CLANG_ENABLE_OBJC_WEAK = YES;
				CLANG_WARN_BLOCK_CAPTURE_AUTORELEASING = YES;
				CLANG_WARN_BOOL_CONVERSION = YES;
				CLANG_WARN_COMMA = YES;
				CLANG_WARN_CONSTANT_CONVERSION = YES;
				CLANG_WARN_DEPRECATED_OBJC_IMPLEMENTATIONS = YES;
				CLANG_WARN_DIRECT_OBJC_ISA_USAGE = YES_ERROR;
				CLANG_WARN_DOCUMENTATION_COMMENTS = YES;
				CLANG_WARN_EMPTY_BODY = YES;
				CLANG_WARN_ENUM_CONVERSION = YES;
				CLANG_WARN_INFINITE_RECURSION = YES;
				CLANG_WARN_INT_CONVERSION = YES;
				CLANG_WARN_NON_LITERAL_NULL_CONVERSION = YES;
				CLANG_WARN_OBJC_IMPLICIT_RETAIN_SELF = YES;
				CLANG_WARN_OBJC_LITERAL_CONVERSION = YES;
				CLANG_WARN_OBJC_ROOT_CLASS = YES_ERROR;
				CLANG_WARN_QUOTED_INCLUDE_IN_FRAMEWORK_HEADER = YES;
				CLANG_WARN_RANGE_LOOP_ANALYSIS = YES;
				CLANG_WARN_STRICT_PROTOTYPES = YES;
				CLANG_WARN_SUSPICIOUS_MOVE = YES;
				CLANG_WARN_UNGUARDED_AVAILABILITY = YES_AGGRESSIVE;
				CLANG_WARN_UNREACHABLE_CODE = YES;
				CLANG_WARN__DUPLICATE_METHOD_MATCH = YES;
				COPY_PHASE_STRIP = NO;
				DEBUG_INFORMATION_FORMAT = dwarf;
				ENABLE_STRICT_OBJC_MSGSEND = YES;
				ENABLE_TESTABILITY = YES;
				ENABLE_USER_SCRIPT_SANDBOXING = YES;
				GCC_C_LANGUAGE_STANDARD = gnu17;
				GCC_DYNAMIC_NO_PIC = NO;
				GCC_NO_COMMON_BLOCKS = YES;
				GCC_OPTIMIZATION_LEVEL = 0;
				GCC_PREPROCESSOR_DEFINITIONS = (
					"DEBUG=1",
					"$(inherited)",
				);
				GCC_WARN_64_TO_32_BIT_CONVERSION = YES;
				GCC_WARN_ABOUT_RETURN_TYPE = YES_ERROR;
				GCC_WARN_UNDECLARED_SELECTOR = YES;
				GCC_WARN_UNINITIALIZED_AUTOS = YES_AGGRESSIVE;
				GCC_WARN_UNUSED_FUNCTION = YES;
				GCC_WARN_UNUSED_VARIABLE = YES;
				IPHONEOS_DEPLOYMENT_TARGET = 17.2;
				LOCALIZATION_PREFERS_STRING_CATALOGS = YES;
				MTL_ENABLE_DEBUG_INFO = INCLUDE_SOURCE;
				MTL_FAST_MATH = YES;
				ONLY_ACTIVE_ARCH = YES;
				SDKROOT = iphoneos;
				SWIFT_ACTIVE_COMPILATION_CONDITIONS = "DEBUG $(inherited)";
				SWIFT_OPTIMIZATION_LEVEL = "-Onone";
			};
			name = Debug;
		};
		2264076C2BA53A8B006886E8 /* Release */ = {
			isa = XCBuildConfiguration;
			buildSettings = {
				ALWAYS_SEARCH_USER_PATHS = NO;
				ASSETCATALOG_COMPILER_GENERATE_SWIFT_ASSET_SYMBOL_EXTENSIONS = YES;
				CLANG_ANALYZER_NONNULL = YES;
				CLANG_ANALYZER_NUMBER_OBJECT_CONVERSION = YES_AGGRESSIVE;
				CLANG_CXX_LANGUAGE_STANDARD = "gnu++20";
				CLANG_ENABLE_MODULES = YES;
				CLANG_ENABLE_OBJC_ARC = YES;
				CLANG_ENABLE_OBJC_WEAK = YES;
				CLANG_WARN_BLOCK_CAPTURE_AUTORELEASING = YES;
				CLANG_WARN_BOOL_CONVERSION = YES;
				CLANG_WARN_COMMA = YES;
				CLANG_WARN_CONSTANT_CONVERSION = YES;
				CLANG_WARN_DEPRECATED_OBJC_IMPLEMENTATIONS = YES;
				CLANG_WARN_DIRECT_OBJC_ISA_USAGE = YES_ERROR;
				CLANG_WARN_DOCUMENTATION_COMMENTS = YES;
				CLANG_WARN_EMPTY_BODY = YES;
				CLANG_WARN_ENUM_CONVERSION = YES;
				CLANG_WARN_INFINITE_RECURSION = YES;
				CLANG_WARN_INT_CONVERSION = YES;
				CLANG_WARN_NON_LITERAL_NULL_CONVERSION = YES;
				CLANG_WARN_OBJC_IMPLICIT_RETAIN_SELF = YES;
				CLANG_WARN_OBJC_LITERAL_CONVERSION = YES;
				CLANG_WARN_OBJC_ROOT_CLASS = YES_ERROR;
				CLANG_WARN_QUOTED_INCLUDE_IN_FRAMEWORK_HEADER = YES;
				CLANG_WARN_RANGE_LOOP_ANALYSIS = YES;
				CLANG_WARN_STRICT_PROTOTYPES = YES;
				CLANG_WARN_SUSPICIOUS_MOVE = YES;
				CLANG_WARN_UNGUARDED_AVAILABILITY = YES_AGGRESSIVE;
				CLANG_WARN_UNREACHABLE_CODE = YES;
				CLANG_WARN__DUPLICATE_METHOD_MATCH = YES;
				COPY_PHASE_STRIP = NO;
				DEBUG_INFORMATION_FORMAT = "dwarf-with-dsym";
				ENABLE_NS_ASSERTIONS = NO;
				ENABLE_STRICT_OBJC_MSGSEND = YES;
				ENABLE_USER_SCRIPT_SANDBOXING = YES;
				GCC_C_LANGUAGE_STANDARD = gnu17;
				GCC_NO_COMMON_BLOCKS = YES;
				GCC_WARN_64_TO_32_BIT_CONVERSION = YES;
				GCC_WARN_ABOUT_RETURN_TYPE = YES_ERROR;
				GCC_WARN_UNDECLARED_SELECTOR = YES;
				GCC_WARN_UNINITIALIZED_AUTOS = YES_AGGRESSIVE;
				GCC_WARN_UNUSED_FUNCTION = YES;
				GCC_WARN_UNUSED_VARIABLE = YES;
				IPHONEOS_DEPLOYMENT_TARGET = 17.2;
				LOCALIZATION_PREFERS_STRING_CATALOGS = YES;
				MTL_ENABLE_DEBUG_INFO = NO;
				MTL_FAST_MATH = YES;
				SDKROOT = iphoneos;
				SWIFT_COMPILATION_MODE = wholemodule;
				VALIDATE_PRODUCT = YES;
			};
			name = Release;
		};
		2264076E2BA53A8B006886E8 /* Debug */ = {
			isa = XCBuildConfiguration;
			buildSettings = {
				ASSETCATALOG_COMPILER_APPICON_NAME = AppIcon;
				ASSETCATALOG_COMPILER_GLOBAL_ACCENT_COLOR_NAME = AccentColor;
				CODE_SIGN_STYLE = Automatic;
				CURRENT_PROJECT_VERSION = 1;
				DEVELOPMENT_TEAM = T44788J83Y;
				GENERATE_INFOPLIST_FILE = YES;
				INFOPLIST_FILE = FinalProject/Info.plist;
				INFOPLIST_KEY_UIApplicationSupportsIndirectInputEvents = YES;
				INFOPLIST_KEY_UILaunchStoryboardName = LaunchScreen;
				INFOPLIST_KEY_UIMainStoryboardFile = Main;
				INFOPLIST_KEY_UISupportedInterfaceOrientations_iPad = "UIInterfaceOrientationPortrait UIInterfaceOrientationPortraitUpsideDown UIInterfaceOrientationLandscapeLeft UIInterfaceOrientationLandscapeRight";
				INFOPLIST_KEY_UISupportedInterfaceOrientations_iPhone = "UIInterfaceOrientationPortrait UIInterfaceOrientationLandscapeLeft UIInterfaceOrientationLandscapeRight";
				LD_RUNPATH_SEARCH_PATHS = (
					"$(inherited)",
					"@executable_path/Frameworks",
				);
				MARKETING_VERSION = 1.0;
				PRODUCT_BUNDLE_IDENTIFIER = Tabita.FinalProject;
				PRODUCT_NAME = "$(TARGET_NAME)";
				SWIFT_EMIT_LOC_STRINGS = YES;
				SWIFT_VERSION = 5.0;
				TARGETED_DEVICE_FAMILY = "1,2";
			};
			name = Debug;
		};
		2264076F2BA53A8B006886E8 /* Release */ = {
			isa = XCBuildConfiguration;
			buildSettings = {
				ASSETCATALOG_COMPILER_APPICON_NAME = AppIcon;
				ASSETCATALOG_COMPILER_GLOBAL_ACCENT_COLOR_NAME = AccentColor;
				CODE_SIGN_STYLE = Automatic;
				CURRENT_PROJECT_VERSION = 1;
				DEVELOPMENT_TEAM = T44788J83Y;
				GENERATE_INFOPLIST_FILE = YES;
				INFOPLIST_FILE = FinalProject/Info.plist;
				INFOPLIST_KEY_UIApplicationSupportsIndirectInputEvents = YES;
				INFOPLIST_KEY_UILaunchStoryboardName = LaunchScreen;
				INFOPLIST_KEY_UIMainStoryboardFile = Main;
				INFOPLIST_KEY_UISupportedInterfaceOrientations_iPad = "UIInterfaceOrientationPortrait UIInterfaceOrientationPortraitUpsideDown UIInterfaceOrientationLandscapeLeft UIInterfaceOrientationLandscapeRight";
				INFOPLIST_KEY_UISupportedInterfaceOrientations_iPhone = "UIInterfaceOrientationPortrait UIInterfaceOrientationLandscapeLeft UIInterfaceOrientationLandscapeRight";
				LD_RUNPATH_SEARCH_PATHS = (
					"$(inherited)",
					"@executable_path/Frameworks",
				);
				MARKETING_VERSION = 1.0;
				PRODUCT_BUNDLE_IDENTIFIER = Tabita.FinalProject;
				PRODUCT_NAME = "$(TARGET_NAME)";
				SWIFT_EMIT_LOC_STRINGS = YES;
				SWIFT_VERSION = 5.0;
				TARGETED_DEVICE_FAMILY = "1,2";
			};
			name = Release;
		};
		226407712BA53A8B006886E8 /* Debug */ = {
			isa = XCBuildConfiguration;
			buildSettings = {
				ALWAYS_EMBED_SWIFT_STANDARD_LIBRARIES = YES;
				BUNDLE_LOADER = "$(TEST_HOST)";
				CODE_SIGN_STYLE = Automatic;
				CURRENT_PROJECT_VERSION = 1;
				DEVELOPMENT_TEAM = T44788J83Y;
				GENERATE_INFOPLIST_FILE = YES;
				IPHONEOS_DEPLOYMENT_TARGET = 17.2;
				MARKETING_VERSION = 1.0;
				PRODUCT_BUNDLE_IDENTIFIER = Tabita.FinalProjectTests;
				PRODUCT_NAME = "$(TARGET_NAME)";
				SWIFT_EMIT_LOC_STRINGS = NO;
				SWIFT_VERSION = 5.0;
				TARGETED_DEVICE_FAMILY = "1,2";
				TEST_HOST = "$(BUILT_PRODUCTS_DIR)/FinalProject.app/$(BUNDLE_EXECUTABLE_FOLDER_PATH)/FinalProject";
			};
			name = Debug;
		};
		226407722BA53A8B006886E8 /* Release */ = {
			isa = XCBuildConfiguration;
			buildSettings = {
				ALWAYS_EMBED_SWIFT_STANDARD_LIBRARIES = YES;
				BUNDLE_LOADER = "$(TEST_HOST)";
				CODE_SIGN_STYLE = Automatic;
				CURRENT_PROJECT_VERSION = 1;
				DEVELOPMENT_TEAM = T44788J83Y;
				GENERATE_INFOPLIST_FILE = YES;
				IPHONEOS_DEPLOYMENT_TARGET = 17.2;
				MARKETING_VERSION = 1.0;
				PRODUCT_BUNDLE_IDENTIFIER = Tabita.FinalProjectTests;
				PRODUCT_NAME = "$(TARGET_NAME)";
				SWIFT_EMIT_LOC_STRINGS = NO;
				SWIFT_VERSION = 5.0;
				TARGETED_DEVICE_FAMILY = "1,2";
				TEST_HOST = "$(BUILT_PRODUCTS_DIR)/FinalProject.app/$(BUNDLE_EXECUTABLE_FOLDER_PATH)/FinalProject";
			};
			name = Release;
		};
		226407742BA53A8B006886E8 /* Debug */ = {
			isa = XCBuildConfiguration;
			buildSettings = {
				ALWAYS_EMBED_SWIFT_STANDARD_LIBRARIES = YES;
				CODE_SIGN_STYLE = Automatic;
				CURRENT_PROJECT_VERSION = 1;
				DEVELOPMENT_TEAM = T44788J83Y;
				GENERATE_INFOPLIST_FILE = YES;
				MARKETING_VERSION = 1.0;
				PRODUCT_BUNDLE_IDENTIFIER = Tabita.FinalProjectUITests;
				PRODUCT_NAME = "$(TARGET_NAME)";
				SWIFT_EMIT_LOC_STRINGS = NO;
				SWIFT_VERSION = 5.0;
				TARGETED_DEVICE_FAMILY = "1,2";
				TEST_TARGET_NAME = FinalProject;
			};
			name = Debug;
		};
		226407752BA53A8B006886E8 /* Release */ = {
			isa = XCBuildConfiguration;
			buildSettings = {
				ALWAYS_EMBED_SWIFT_STANDARD_LIBRARIES = YES;
				CODE_SIGN_STYLE = Automatic;
				CURRENT_PROJECT_VERSION = 1;
				DEVELOPMENT_TEAM = T44788J83Y;
				GENERATE_INFOPLIST_FILE = YES;
				MARKETING_VERSION = 1.0;
				PRODUCT_BUNDLE_IDENTIFIER = Tabita.FinalProjectUITests;
				PRODUCT_NAME = "$(TARGET_NAME)";
				SWIFT_EMIT_LOC_STRINGS = NO;
				SWIFT_VERSION = 5.0;
				TARGETED_DEVICE_FAMILY = "1,2";
				TEST_TARGET_NAME = FinalProject;
			};
			name = Release;
		};
/* End XCBuildConfiguration section */

/* Begin XCConfigurationList section */
		2264073B2BA53A8A006886E8 /* Build configuration list for PBXProject "FinalProject" */ = {
			isa = XCConfigurationList;
			buildConfigurations = (
				2264076B2BA53A8B006886E8 /* Debug */,
				2264076C2BA53A8B006886E8 /* Release */,
			);
			defaultConfigurationIsVisible = 0;
			defaultConfigurationName = Release;
		};
		2264076D2BA53A8B006886E8 /* Build configuration list for PBXNativeTarget "FinalProject" */ = {
			isa = XCConfigurationList;
			buildConfigurations = (
				2264076E2BA53A8B006886E8 /* Debug */,
				2264076F2BA53A8B006886E8 /* Release */,
			);
			defaultConfigurationIsVisible = 0;
			defaultConfigurationName = Release;
		};
		226407702BA53A8B006886E8 /* Build configuration list for PBXNativeTarget "FinalProjectTests" */ = {
			isa = XCConfigurationList;
			buildConfigurations = (
				226407712BA53A8B006886E8 /* Debug */,
				226407722BA53A8B006886E8 /* Release */,
			);
			defaultConfigurationIsVisible = 0;
			defaultConfigurationName = Release;
		};
		226407732BA53A8B006886E8 /* Build configuration list for PBXNativeTarget "FinalProjectUITests" */ = {
			isa = XCConfigurationList;
			buildConfigurations = (
				226407742BA53A8B006886E8 /* Debug */,
				226407752BA53A8B006886E8 /* Release */,
			);
			defaultConfigurationIsVisible = 0;
			defaultConfigurationName = Release;
		};
/* End XCConfigurationList section */

/* Begin XCVersionGroup section */
		2264074C2BA53A8A006886E8 /* FinalProject.xcdatamodeld */ = {
			isa = XCVersionGroup;
			children = (
				2264074D2BA53A8A006886E8 /* FinalProject.xcdatamodel */,
			);
			currentVersion = 2264074D2BA53A8A006886E8 /* FinalProject.xcdatamodel */;
			path = FinalProject.xcdatamodeld;
			sourceTree = "<group>";
			versionGroupType = wrapper.xcdatamodel;
		};
/* End XCVersionGroup section */
	};
	rootObject = 226407382BA53A8A006886E8 /* Project object */;
}
